// !$*UTF8*$!
{
	archiveVersion = 1;
	classes = {
	};
	objectVersion = 50;
	objects = {

/* Begin PBXBuildFile section */
		3966A0C120DD06FF00DB3C14 /* main.cpp in Sources */ = {isa = PBXBuildFile; fileRef = 3966A0C020DD06FF00DB3C14 /* main.cpp */; };
		3968ADBA20E21A9800906D9E /* libvulkan.1.1.73.dylib in Frameworks */ = {isa = PBXBuildFile; fileRef = 3968ADB920E21A9800906D9E /* libvulkan.1.1.73.dylib */; };
		3968ADBE20E21AB000906D9E /* libvulkan.1.1.73.dylib in CopyFiles */ = {isa = PBXBuildFile; fileRef = 3968ADBD20E21AB000906D9E /* libvulkan.1.1.73.dylib */; };
		3968ADC220E21E8B00906D9E /* libglfw.3.3.dylib in CopyFiles */ = {isa = PBXBuildFile; fileRef = 3968ADC120E21E8B00906D9E /* libglfw.3.3.dylib */; };
		3968ADE520E2326C00906D9E /* libglfw.3.3.dylib in Frameworks */ = {isa = PBXBuildFile; fileRef = 3968ADC120E21E8B00906D9E /* libglfw.3.3.dylib */; };
		39F062D420E377E9001B047C /* shaders in CopyFiles */ = {isa = PBXBuildFile; fileRef = 39F062D320E37049001B047C /* shaders */; };
/* End PBXBuildFile section */

/* Begin PBXCopyFilesBuildPhase section */
		3966A0BB20DD06FF00DB3C14 /* CopyFiles */ = {
			isa = PBXCopyFilesBuildPhase;
			buildActionMask = 12;
			dstPath = "";
			dstSubfolderSpec = 7;
			files = (
				39F062D420E377E9001B047C /* shaders in CopyFiles */,
				3968ADBE20E21AB000906D9E /* libvulkan.1.1.73.dylib in CopyFiles */,
				3968ADC220E21E8B00906D9E /* libglfw.3.3.dylib in CopyFiles */,
			);
			runOnlyForDeploymentPostprocessing = 0;
		};
/* End PBXCopyFilesBuildPhase section */

/* Begin PBXFileReference section */
		3966A0BD20DD06FF00DB3C14 /* DrawTriangle */ = {isa = PBXFileReference; explicitFileType = "compiled.mach-o.executable"; includeInIndex = 0; path = DrawTriangle; sourceTree = BUILT_PRODUCTS_DIR; };
		3966A0C020DD06FF00DB3C14 /* main.cpp */ = {isa = PBXFileReference; lastKnownFileType = sourcecode.cpp.cpp; path = main.cpp; sourceTree = "<group>"; };
		3966A0CE20DD107D00DB3C14 /* vulkan.framework */ = {isa = PBXFileReference; lastKnownFileType = wrapper.framework; name = vulkan.framework; path = ../VulkanTest2/vulkan.framework; sourceTree = "<group>"; };
		3968ADB920E21A9800906D9E /* libvulkan.1.1.73.dylib */ = {isa = PBXFileReference; lastKnownFileType = "compiled.mach-o.dylib"; name = libvulkan.1.1.73.dylib; path = "../../../../../usr/local/lib/vulkansdk-macos/macOS/lib/libvulkan.1.1.73.dylib"; sourceTree = "<group>"; };
		3968ADBD20E21AB000906D9E /* libvulkan.1.1.73.dylib */ = {isa = PBXFileReference; lastKnownFileType = "compiled.mach-o.dylib"; name = libvulkan.1.1.73.dylib; path = "../../../../../usr/local/lib/vulkansdk-macos/macOS/lib/libvulkan.1.1.73.dylib"; sourceTree = "<group>"; };
		3968ADC120E21E8B00906D9E /* libglfw.3.3.dylib */ = {isa = PBXFileReference; lastKnownFileType = "compiled.mach-o.dylib"; name = libglfw.3.3.dylib; path = "../../../../../usr/local/Cellar/glfw/HEAD-0be4f3f/lib/libglfw.3.3.dylib"; sourceTree = "<group>"; };
		39F062D320E37049001B047C /* shaders */ = {isa = PBXFileReference; lastKnownFileType = folder; path = shaders; sourceTree = "<group>"; };
/* End PBXFileReference section */

/* Begin PBXFrameworksBuildPhase section */
		3966A0BA20DD06FF00DB3C14 /* Frameworks */ = {
			isa = PBXFrameworksBuildPhase;
			buildActionMask = 2147483647;
			files = (
				3968ADBA20E21A9800906D9E /* libvulkan.1.1.73.dylib in Frameworks */,
				3968ADE520E2326C00906D9E /* libglfw.3.3.dylib in Frameworks */,
			);
			runOnlyForDeploymentPostprocessing = 0;
		};
/* End PBXFrameworksBuildPhase section */

/* Begin PBXGroup section */
		3966A0B420DD06FF00DB3C14 = {
			isa = PBXGroup;
			children = (
				3968ADC120E21E8B00906D9E /* libglfw.3.3.dylib */,
				3968ADBD20E21AB000906D9E /* libvulkan.1.1.73.dylib */,
				3966A0CE20DD107D00DB3C14 /* vulkan.framework */,
				3966A0BF20DD06FF00DB3C14 /* DrawTriangle */,
				3966A0BE20DD06FF00DB3C14 /* Products */,
				3966A0C720DD092B00DB3C14 /* Frameworks */,
			);
			sourceTree = "<group>";
		};
		3966A0BE20DD06FF00DB3C14 /* Products */ = {
			isa = PBXGroup;
			children = (
				3966A0BD20DD06FF00DB3C14 /* DrawTriangle */,
			);
			name = Products;
			sourceTree = "<group>";
		};
		3966A0BF20DD06FF00DB3C14 /* DrawTriangle */ = {
			isa = PBXGroup;
			children = (
				39F062D320E37049001B047C /* shaders */,
				3966A0C020DD06FF00DB3C14 /* main.cpp */,
			);
			path = DrawTriangle;
			sourceTree = "<group>";
		};
		3966A0C720DD092B00DB3C14 /* Frameworks */ = {
			isa = PBXGroup;
			children = (
				3968ADB920E21A9800906D9E /* libvulkan.1.1.73.dylib */,
			);
			name = Frameworks;
			sourceTree = "<group>";
		};
/* End PBXGroup section */

/* Begin PBXNativeTarget section */
		3966A0BC20DD06FF00DB3C14 /* DrawTriangle */ = {
			isa = PBXNativeTarget;
			buildConfigurationList = 3966A0C420DD06FF00DB3C14 /* Build configuration list for PBXNativeTarget "DrawTriangle" */;
			buildPhases = (
				3966A0B920DD06FF00DB3C14 /* Sources */,
				3966A0BA20DD06FF00DB3C14 /* Frameworks */,
				3966A0BB20DD06FF00DB3C14 /* CopyFiles */,
			);
			buildRules = (
			);
			dependencies = (
			);
			name = DrawTriangle;
			productName = DrawTriangle;
			productReference = 3966A0BD20DD06FF00DB3C14 /* DrawTriangle */;
			productType = "com.apple.product-type.tool";
		};
/* End PBXNativeTarget section */

/* Begin PBXProject section */
		3966A0B520DD06FF00DB3C14 /* Project object */ = {
			isa = PBXProject;
			attributes = {
				LastUpgradeCheck = 0940;
				ORGANIZATIONNAME = "Kousaku Namikawa";
				TargetAttributes = {
					3966A0BC20DD06FF00DB3C14 = {
						CreatedOnToolsVersion = 9.4.1;
					};
				};
			};
			buildConfigurationList = 3966A0B820DD06FF00DB3C14 /* Build configuration list for PBXProject "DrawTriangle" */;
			compatibilityVersion = "Xcode 9.3";
			developmentRegion = en;
			hasScannedForEncodings = 0;
			knownRegions = (
				en,
			);
			mainGroup = 3966A0B420DD06FF00DB3C14;
			productRefGroup = 3966A0BE20DD06FF00DB3C14 /* Products */;
			projectDirPath = "";
			projectRoot = "";
			targets = (
				3966A0BC20DD06FF00DB3C14 /* DrawTriangle */,
			);
		};
/* End PBXProject section */

/* Begin PBXSourcesBuildPhase section */
		3966A0B920DD06FF00DB3C14 /* Sources */ = {
			isa = PBXSourcesBuildPhase;
			buildActionMask = 2147483647;
			files = (
				3966A0C120DD06FF00DB3C14 /* main.cpp in Sources */,
			);
			runOnlyForDeploymentPostprocessing = 0;
		};
/* End PBXSourcesBuildPhase section */

/* Begin XCBuildConfiguration section */
		3966A0C220DD06FF00DB3C14 /* Debug */ = {
			isa = XCBuildConfiguration;
			buildSettings = {
				ALWAYS_SEARCH_USER_PATHS = NO;
				CLANG_ANALYZER_NONNULL = YES;
				CLANG_ANALYZER_NUMBER_OBJECT_CONVERSION = YES_AGGRESSIVE;
				CLANG_CXX_LANGUAGE_STANDARD = "gnu++14";
				CLANG_CXX_LIBRARY = "libc++";
				CLANG_ENABLE_MODULES = YES;
				CLANG_ENABLE_OBJC_ARC = YES;
				CLANG_ENABLE_OBJC_WEAK = YES;
				CLANG_WARN_BLOCK_CAPTURE_AUTORELEASING = YES;
				CLANG_WARN_BOOL_CONVERSION = YES;
				CLANG_WARN_COMMA = YES;
				CLANG_WARN_CONSTANT_CONVERSION = YES;
				CLANG_WARN_DEPRECATED_OBJC_IMPLEMENTATIONS = YES;
				CLANG_WARN_DIRECT_OBJC_ISA_USAGE = YES_ERROR;
				CLANG_WARN_DOCUMENTATION_COMMENTS = YES;
				CLANG_WARN_EMPTY_BODY = YES;
				CLANG_WARN_ENUM_CONVERSION = YES;
				CLANG_WARN_INFINITE_RECURSION = YES;
				CLANG_WARN_INT_CONVERSION = YES;
				CLANG_WARN_NON_LITERAL_NULL_CONVERSION = YES;
				CLANG_WARN_OBJC_IMPLICIT_RETAIN_SELF = YES;
				CLANG_WARN_OBJC_LITERAL_CONVERSION = YES;
				CLANG_WARN_OBJC_ROOT_CLASS = YES_ERROR;
				CLANG_WARN_RANGE_LOOP_ANALYSIS = YES;
				CLANG_WARN_STRICT_PROTOTYPES = YES;
				CLANG_WARN_SUSPICIOUS_MOVE = YES;
				CLANG_WARN_UNGUARDED_AVAILABILITY = YES_AGGRESSIVE;
				CLANG_WARN_UNREACHABLE_CODE = YES;
				CLANG_WARN__DUPLICATE_METHOD_MATCH = YES;
				CODE_SIGN_IDENTITY = "-";
				COPY_PHASE_STRIP = NO;
				DEBUG_INFORMATION_FORMAT = dwarf;
				ENABLE_STRICT_OBJC_MSGSEND = YES;
				ENABLE_TESTABILITY = YES;
				GCC_C_LANGUAGE_STANDARD = gnu11;
				GCC_DYNAMIC_NO_PIC = NO;
				GCC_NO_COMMON_BLOCKS = YES;
				GCC_OPTIMIZATION_LEVEL = 0;
				GCC_PREPROCESSOR_DEFINITIONS = (
					"DEBUG=1",
					"$(inherited)",
				);
				GCC_WARN_64_TO_32_BIT_CONVERSION = YES;
				GCC_WARN_ABOUT_RETURN_TYPE = YES_ERROR;
				GCC_WARN_UNDECLARED_SELECTOR = YES;
				GCC_WARN_UNINITIALIZED_AUTOS = YES_AGGRESSIVE;
				GCC_WARN_UNUSED_FUNCTION = YES;
				GCC_WARN_UNUSED_VARIABLE = YES;
				MACOSX_DEPLOYMENT_TARGET = 10.13;
				MTL_ENABLE_DEBUG_INFO = YES;
				ONLY_ACTIVE_ARCH = YES;
				SDKROOT = macosx;
			};
			name = Debug;
		};
		3966A0C320DD06FF00DB3C14 /* Release */ = {
			isa = XCBuildConfiguration;
			buildSettings = {
				ALWAYS_SEARCH_USER_PATHS = NO;
				CLANG_ANALYZER_NONNULL = YES;
				CLANG_ANALYZER_NUMBER_OBJECT_CONVERSION = YES_AGGRESSIVE;
				CLANG_CXX_LANGUAGE_STANDARD = "gnu++14";
				CLANG_CXX_LIBRARY = "libc++";
				CLANG_ENABLE_MODULES = YES;
				CLANG_ENABLE_OBJC_ARC = YES;
				CLANG_ENABLE_OBJC_WEAK = YES;
				CLANG_WARN_BLOCK_CAPTURE_AUTORELEASING = YES;
				CLANG_WARN_BOOL_CONVERSION = YES;
				CLANG_WARN_COMMA = YES;
				CLANG_WARN_CONSTANT_CONVERSION = YES;
				CLANG_WARN_DEPRECATED_OBJC_IMPLEMENTATIONS = YES;
				CLANG_WARN_DIRECT_OBJC_ISA_USAGE = YES_ERROR;
				CLANG_WARN_DOCUMENTATION_COMMENTS = YES;
				CLANG_WARN_EMPTY_BODY = YES;
				CLANG_WARN_ENUM_CONVERSION = YES;
				CLANG_WARN_INFINITE_RECURSION = YES;
				CLANG_WARN_INT_CONVERSION = YES;
				CLANG_WARN_NON_LITERAL_NULL_CONVERSION = YES;
				CLANG_WARN_OBJC_IMPLICIT_RETAIN_SELF = YES;
				CLANG_WARN_OBJC_LITERAL_CONVERSION = YES;
				CLANG_WARN_OBJC_ROOT_CLASS = YES_ERROR;
				CLANG_WARN_RANGE_LOOP_ANALYSIS = YES;
				CLANG_WARN_STRICT_PROTOTYPES = YES;
				CLANG_WARN_SUSPICIOUS_MOVE = YES;
				CLANG_WARN_UNGUARDED_AVAILABILITY = YES_AGGRESSIVE;
				CLANG_WARN_UNREACHABLE_CODE = YES;
				CLANG_WARN__DUPLICATE_METHOD_MATCH = YES;
				CODE_SIGN_IDENTITY = "-";
				COPY_PHASE_STRIP = NO;
				DEBUG_INFORMATION_FORMAT = "dwarf-with-dsym";
				ENABLE_NS_ASSERTIONS = NO;
				ENABLE_STRICT_OBJC_MSGSEND = YES;
				GCC_C_LANGUAGE_STANDARD = gnu11;
				GCC_NO_COMMON_BLOCKS = YES;
				GCC_WARN_64_TO_32_BIT_CONVERSION = YES;
				GCC_WARN_ABOUT_RETURN_TYPE = YES_ERROR;
				GCC_WARN_UNDECLARED_SELECTOR = YES;
				GCC_WARN_UNINITIALIZED_AUTOS = YES_AGGRESSIVE;
				GCC_WARN_UNUSED_FUNCTION = YES;
				GCC_WARN_UNUSED_VARIABLE = YES;
				MACOSX_DEPLOYMENT_TARGET = 10.13;
				MTL_ENABLE_DEBUG_INFO = NO;
				ONLY_ACTIVE_ARCH = NO;
				SDKROOT = macosx;
			};
			name = Release;
		};
		3966A0C520DD06FF00DB3C14 /* Debug */ = {
			isa = XCBuildConfiguration;
			buildSettings = {
				CODE_SIGN_STYLE = Automatic;
				FRAMEWORK_SEARCH_PATHS = (
					"$(inherited)",
					"$(PROJECT_DIR)",
				);
				HEADER_SEARCH_PATHS = (
					/usr/local/Cellar/glm/0.9.9.0/include,
					"/usr/local/lib/vulkansdk-macos/macOS/include",
					"/usr/local/Cellar/glfw/HEAD-0be4f3f/include",
				);
				LIBRARY_SEARCH_PATHS = (
					"/usr/local/Cellar/glfw/HEAD-0be4f3f/lib",
					"\"/usr/local/lib/vulkansdk-macos/macOS/lib\"",
				);
				OTHER_LDFLAGS = "";
				PRODUCT_NAME = "$(TARGET_NAME)";
			};
			name = Debug;
		};
		3966A0C620DD06FF00DB3C14 /* Release */ = {
			isa = XCBuildConfiguration;
			buildSettings = {
				CODE_SIGN_STYLE = Automatic;
				FRAMEWORK_SEARCH_PATHS = (
					"$(inherited)",
					"$(PROJECT_DIR)",
				);
				HEADER_SEARCH_PATHS = (
					/usr/local/Cellar/glm/0.9.9.0/include,
					"/usr/local/lib/vulkansdk-macos/macOS/include",
					"/usr/local/Cellar/glfw/HEAD-0be4f3f/include",
				);
				LIBRARY_SEARCH_PATHS = (
					"/usr/local/Cellar/glfw/HEAD-0be4f3f/lib",
					"\"/usr/local/lib/vulkansdk-macos/macOS/lib\"",
				);
				OTHER_LDFLAGS = "";
				PRODUCT_NAME = "$(TARGET_NAME)";
			};
			name = Release;
		};
/* End XCBuildConfiguration section */

/* Begin XCConfigurationList section */
		3966A0B820DD06FF00DB3C14 /* Build configuration list for PBXProject "DrawTriangle" */ = {
			isa = XCConfigurationList;
			buildConfigurations = (
				3966A0C220DD06FF00DB3C14 /* Debug */,
				3966A0C320DD06FF00DB3C14 /* Release */,
			);
			defaultConfigurationIsVisible = 0;
			defaultConfigurationName = Release;
		};
		3966A0C420DD06FF00DB3C14 /* Build configuration list for PBXNativeTarget "DrawTriangle" */ = {
			isa = XCConfigurationList;
			buildConfigurations = (
				3966A0C520DD06FF00DB3C14 /* Debug */,
				3966A0C620DD06FF00DB3C14 /* Release */,
			);
			defaultConfigurationIsVisible = 0;
			defaultConfigurationName = Release;
		};
/* End XCConfigurationList section */
	};
	rootObject = 3966A0B520DD06FF00DB3C14 /* Project object */;
}
